
Microsoft Visual Studio Solution File, Format Version 12.00
# Visual Studio 15
VisualStudioVersion = 15.0.27130.2036
MinimumVisualStudioVersion = 10.0.40219.1
Project("{FAE04EC0-301F-11D3-BF4B-00C04F79EFBC}") = "ChatBot.Clients.Android", "ChatBot.Clients\ChatBot.Clients.Android\ChatBot.Clients.Android.csproj", "{BB7E62AC-7100-4F87-B8F9-252A204E8612}"
EndProject
Project("{FAE04EC0-301F-11D3-BF4B-00C04F79EFBC}") = "ChatBot.Clients.iOS", "ChatBot.Clients\ChatBot.Clients.iOS\ChatBot.Clients.iOS.csproj", "{8ECAF85B-43DD-4020-A681-F39552D5DD73}"
EndProject
Project("{FAE04EC0-301F-11D3-BF4B-00C04F79EFBC}") = "ChatBot.Clients.UWP", "ChatBot.Clients\ChatBot.Clients.UWP\ChatBot.Clients.UWP.csproj", "{0860F20A-6126-4CD7-9CDA-0300F637DC58}"
EndProject
Project("{FAE04EC0-301F-11D3-BF4B-00C04F79EFBC}") = "ChatBot.Clients", "ChatBot.Clients\ChatBot.Clients\ChatBot.Clients.csproj", "{8A35D226-8A7A-4295-8D40-2C39705D6629}"
EndProject
Project("{2150E333-8FDC-42A3-9474-1A3956D46DE8}") = "Clients", "Clients", "{3898295F-F0E1-4AF2-8AE3-A884922F2F23}"
EndProject
Project("{2150E333-8FDC-42A3-9474-1A3956D46DE8}") = "Server", "Server", "{471D1D2D-5BD8-401B-A59C-8A6A2E5BED9A}"
EndProject
Project("{FAE04EC0-301F-11D3-BF4B-00C04F79EFBC}") = "ChatBot.Server", "ChatBot.Server\ChatBot.Server.csproj", "{A81F2AD4-FB3F-499E-8384-24EF362162BD}"
EndProject
Global
	GlobalSection(SolutionConfigurationPlatforms) = preSolution
		Ad-Hoc|Any CPU = Ad-Hoc|Any CPU
		Ad-Hoc|ARM = Ad-Hoc|ARM
		Ad-Hoc|iPhone = Ad-Hoc|iPhone
		Ad-Hoc|iPhoneSimulator = Ad-Hoc|iPhoneSimulator
		Ad-Hoc|x64 = Ad-Hoc|x64
		Ad-Hoc|x86 = Ad-Hoc|x86
		AppStore|Any CPU = AppStore|Any CPU
		AppStore|ARM = AppStore|ARM
		AppStore|iPhone = AppStore|iPhone
		AppStore|iPhoneSimulator = AppStore|iPhoneSimulator
		AppStore|x64 = AppStore|x64
		AppStore|x86 = AppStore|x86
		Debug|Any CPU = Debug|Any CPU
		Debug|ARM = Debug|ARM
		Debug|iPhone = Debug|iPhone
		Debug|iPhoneSimulator = Debug|iPhoneSimulator
		Debug|x64 = Debug|x64
		Debug|x86 = Debug|x86
		Release|Any CPU = Release|Any CPU
		Release|ARM = Release|ARM
		Release|iPhone = Release|iPhone
		Release|iPhoneSimulator = Release|iPhoneSimulator
		Release|x64 = Release|x64
		Release|x86 = Release|x86
	EndGlobalSection
	GlobalSection(ProjectConfigurationPlatforms) = postSolution
		{BB7E62AC-7100-4F87-B8F9-252A204E8612}.Ad-Hoc|Any CPU.ActiveCfg = Release|Any CPU
		{BB7E62AC-7100-4F87-B8F9-252A204E8612}.Ad-Hoc|Any CPU.Build.0 = Release|Any CPU
		{BB7E62AC-7100-4F87-B8F9-252A204E8612}.Ad-Hoc|Any CPU.Deploy.0 = Release|Any CPU
		{BB7E62AC-7100-4F87-B8F9-252A204E8612}.Ad-Hoc|ARM.ActiveCfg = Release|Any CPU
		{BB7E62AC-7100-4F87-B8F9-252A204E8612}.Ad-Hoc|ARM.Build.0 = Release|Any CPU
		{BB7E62AC-7100-4F87-B8F9-252A204E8612}.Ad-Hoc|ARM.Deploy.0 = Release|Any CPU
		{BB7E62AC-7100-4F87-B8F9-252A204E8612}.Ad-Hoc|iPhone.ActiveCfg = Release|Any CPU
		{BB7E62AC-7100-4F87-B8F9-252A204E8612}.Ad-Hoc|iPhone.Build.0 = Release|Any CPU
		{BB7E62AC-7100-4F87-B8F9-252A204E8612}.Ad-Hoc|iPhone.Deploy.0 = Release|Any CPU
		{BB7E62AC-7100-4F87-B8F9-252A204E8612}.Ad-Hoc|iPhoneSimulator.ActiveCfg = Release|Any CPU
		{BB7E62AC-7100-4F87-B8F9-252A204E8612}.Ad-Hoc|iPhoneSimulator.Build.0 = Release|Any CPU
		{BB7E62AC-7100-4F87-B8F9-252A204E8612}.Ad-Hoc|iPhoneSimulator.Deploy.0 = Release|Any CPU
		{BB7E62AC-7100-4F87-B8F9-252A204E8612}.Ad-Hoc|x64.ActiveCfg = Release|Any CPU
		{BB7E62AC-7100-4F87-B8F9-252A204E8612}.Ad-Hoc|x64.Build.0 = Release|Any CPU
		{BB7E62AC-7100-4F87-B8F9-252A204E8612}.Ad-Hoc|x64.Deploy.0 = Release|Any CPU
		{BB7E62AC-7100-4F87-B8F9-252A204E8612}.Ad-Hoc|x86.ActiveCfg = Release|Any CPU
		{BB7E62AC-7100-4F87-B8F9-252A204E8612}.Ad-Hoc|x86.Build.0 = Release|Any CPU
		{BB7E62AC-7100-4F87-B8F9-252A204E8612}.Ad-Hoc|x86.Deploy.0 = Release|Any CPU
		{BB7E62AC-7100-4F87-B8F9-252A204E8612}.AppStore|Any CPU.ActiveCfg = Release|Any CPU
		{BB7E62AC-7100-4F87-B8F9-252A204E8612}.AppStore|Any CPU.Build.0 = Release|Any CPU
		{BB7E62AC-7100-4F87-B8F9-252A204E8612}.AppStore|Any CPU.Deploy.0 = Release|Any CPU
		{BB7E62AC-7100-4F87-B8F9-252A204E8612}.AppStore|ARM.ActiveCfg = Release|Any CPU
		{BB7E62AC-7100-4F87-B8F9-252A204E8612}.AppStore|ARM.Build.0 = Release|Any CPU
		{BB7E62AC-7100-4F87-B8F9-252A204E8612}.AppStore|ARM.Deploy.0 = Release|Any CPU
		{BB7E62AC-7100-4F87-B8F9-252A204E8612}.AppStore|iPhone.ActiveCfg = Release|Any CPU
		{BB7E62AC-7100-4F87-B8F9-252A204E8612}.AppStore|iPhone.Build.0 = Release|Any CPU
		{BB7E62AC-7100-4F87-B8F9-252A204E8612}.AppStore|iPhone.Deploy.0 = Release|Any CPU
		{BB7E62AC-7100-4F87-B8F9-252A204E8612}.AppStore|iPhoneSimulator.ActiveCfg = Release|Any CPU
		{BB7E62AC-7100-4F87-B8F9-252A204E8612}.AppStore|iPhoneSimulator.Build.0 = Release|Any CPU
		{BB7E62AC-7100-4F87-B8F9-252A204E8612}.AppStore|iPhoneSimulator.Deploy.0 = Release|Any CPU
		{BB7E62AC-7100-4F87-B8F9-252A204E8612}.AppStore|x64.ActiveCfg = Release|Any CPU
		{BB7E62AC-7100-4F87-B8F9-252A204E8612}.AppStore|x64.Build.0 = Release|Any CPU
		{BB7E62AC-7100-4F87-B8F9-252A204E8612}.AppStore|x64.Deploy.0 = Release|Any CPU
		{BB7E62AC-7100-4F87-B8F9-252A204E8612}.AppStore|x86.ActiveCfg = Release|Any CPU
		{BB7E62AC-7100-4F87-B8F9-252A204E8612}.AppStore|x86.Build.0 = Release|Any CPU
		{BB7E62AC-7100-4F87-B8F9-252A204E8612}.AppStore|x86.Deploy.0 = Release|Any CPU
		{BB7E62AC-7100-4F87-B8F9-252A204E8612}.Debug|Any CPU.ActiveCfg = Debug|Any CPU
		{BB7E62AC-7100-4F87-B8F9-252A204E8612}.Debug|Any CPU.Build.0 = Debug|Any CPU
		{BB7E62AC-7100-4F87-B8F9-252A204E8612}.Debug|Any CPU.Deploy.0 = Debug|Any CPU
		{BB7E62AC-7100-4F87-B8F9-252A204E8612}.Debug|ARM.ActiveCfg = Debug|Any CPU
		{BB7E62AC-7100-4F87-B8F9-252A204E8612}.Debug|ARM.Build.0 = Debug|Any CPU
		{BB7E62AC-7100-4F87-B8F9-252A204E8612}.Debug|ARM.Deploy.0 = Debug|Any CPU
		{BB7E62AC-7100-4F87-B8F9-252A204E8612}.Debug|iPhone.ActiveCfg = Debug|Any CPU
		{BB7E62AC-7100-4F87-B8F9-252A204E8612}.Debug|iPhone.Build.0 = Debug|Any CPU
		{BB7E62AC-7100-4F87-B8F9-252A204E8612}.Debug|iPhone.Deploy.0 = Debug|Any CPU
		{BB7E62AC-7100-4F87-B8F9-252A204E8612}.Debug|iPhoneSimulator.ActiveCfg = Debug|Any CPU
		{BB7E62AC-7100-4F87-B8F9-252A204E8612}.Debug|iPhoneSimulator.Build.0 = Debug|Any CPU
		{BB7E62AC-7100-4F87-B8F9-252A204E8612}.Debug|iPhoneSimulator.Deploy.0 = Debug|Any CPU
		{BB7E62AC-7100-4F87-B8F9-252A204E8612}.Debug|x64.ActiveCfg = Debug|Any CPU
		{BB7E62AC-7100-4F87-B8F9-252A204E8612}.Debug|x64.Build.0 = Debug|Any CPU
		{BB7E62AC-7100-4F87-B8F9-252A204E8612}.Debug|x64.Deploy.0 = Debug|Any CPU
		{BB7E62AC-7100-4F87-B8F9-252A204E8612}.Debug|x86.ActiveCfg = Debug|Any CPU
		{BB7E62AC-7100-4F87-B8F9-252A204E8612}.Debug|x86.Build.0 = Debug|Any CPU
		{BB7E62AC-7100-4F87-B8F9-252A204E8612}.Debug|x86.Deploy.0 = Debug|Any CPU
		{BB7E62AC-7100-4F87-B8F9-252A204E8612}.Release|Any CPU.ActiveCfg = Release|Any CPU
		{BB7E62AC-7100-4F87-B8F9-252A204E8612}.Release|Any CPU.Build.0 = Release|Any CPU
		{BB7E62AC-7100-4F87-B8F9-252A204E8612}.Release|Any CPU.Deploy.0 = Release|Any CPU
		{BB7E62AC-7100-4F87-B8F9-252A204E8612}.Release|ARM.ActiveCfg = Release|Any CPU
		{BB7E62AC-7100-4F87-B8F9-252A204E8612}.Release|ARM.Build.0 = Release|Any CPU
		{BB7E62AC-7100-4F87-B8F9-252A204E8612}.Release|ARM.Deploy.0 = Release|Any CPU
		{BB7E62AC-7100-4F87-B8F9-252A204E8612}.Release|iPhone.ActiveCfg = Release|Any CPU
		{BB7E62AC-7100-4F87-B8F9-252A204E8612}.Release|iPhone.Build.0 = Release|Any CPU
		{BB7E62AC-7100-4F87-B8F9-252A204E8612}.Release|iPhone.Deploy.0 = Release|Any CPU
		{BB7E62AC-7100-4F87-B8F9-252A204E8612}.Release|iPhoneSimulator.ActiveCfg = Release|Any CPU
		{BB7E62AC-7100-4F87-B8F9-252A204E8612}.Release|iPhoneSimulator.Build.0 = Release|Any CPU
		{BB7E62AC-7100-4F87-B8F9-252A204E8612}.Release|iPhoneSimulator.Deploy.0 = Release|Any CPU
		{BB7E62AC-7100-4F87-B8F9-252A204E8612}.Release|x64.ActiveCfg = Release|Any CPU
		{BB7E62AC-7100-4F87-B8F9-252A204E8612}.Release|x64.Build.0 = Release|Any CPU
		{BB7E62AC-7100-4F87-B8F9-252A204E8612}.Release|x64.Deploy.0 = Release|Any CPU
		{BB7E62AC-7100-4F87-B8F9-252A204E8612}.Release|x86.ActiveCfg = Release|Any CPU
		{BB7E62AC-7100-4F87-B8F9-252A204E8612}.Release|x86.Build.0 = Release|Any CPU
		{BB7E62AC-7100-4F87-B8F9-252A204E8612}.Release|x86.Deploy.0 = Release|Any CPU
		{8ECAF85B-43DD-4020-A681-F39552D5DD73}.Ad-Hoc|Any CPU.ActiveCfg = Ad-Hoc|iPhone
		{8ECAF85B-43DD-4020-A681-F39552D5DD73}.Ad-Hoc|ARM.ActiveCfg = Ad-Hoc|iPhone
		{8ECAF85B-43DD-4020-A681-F39552D5DD73}.Ad-Hoc|iPhone.ActiveCfg = Ad-Hoc|iPhone
		{8ECAF85B-43DD-4020-A681-F39552D5DD73}.Ad-Hoc|iPhone.Build.0 = Ad-Hoc|iPhone
		{8ECAF85B-43DD-4020-A681-F39552D5DD73}.Ad-Hoc|iPhoneSimulator.ActiveCfg = Ad-Hoc|iPhoneSimulator
		{8ECAF85B-43DD-4020-A681-F39552D5DD73}.Ad-Hoc|iPhoneSimulator.Build.0 = Ad-Hoc|iPhoneSimulator
		{8ECAF85B-43DD-4020-A681-F39552D5DD73}.Ad-Hoc|x64.ActiveCfg = Ad-Hoc|iPhone
		{8ECAF85B-43DD-4020-A681-F39552D5DD73}.Ad-Hoc|x86.ActiveCfg = Ad-Hoc|iPhone
		{8ECAF85B-43DD-4020-A681-F39552D5DD73}.AppStore|Any CPU.ActiveCfg = AppStore|iPhone
		{8ECAF85B-43DD-4020-A681-F39552D5DD73}.AppStore|ARM.ActiveCfg = AppStore|iPhone
		{8ECAF85B-43DD-4020-A681-F39552D5DD73}.AppStore|iPhone.ActiveCfg = AppStore|iPhone
		{8ECAF85B-43DD-4020-A681-F39552D5DD73}.AppStore|iPhone.Build.0 = AppStore|iPhone
		{8ECAF85B-43DD-4020-A681-F39552D5DD73}.AppStore|iPhoneSimulator.ActiveCfg = AppStore|iPhoneSimulator
		{8ECAF85B-43DD-4020-A681-F39552D5DD73}.AppStore|iPhoneSimulator.Build.0 = AppStore|iPhoneSimulator
		{8ECAF85B-43DD-4020-A681-F39552D5DD73}.AppStore|x64.ActiveCfg = AppStore|iPhone
		{8ECAF85B-43DD-4020-A681-F39552D5DD73}.AppStore|x86.ActiveCfg = AppStore|iPhone
		{8ECAF85B-43DD-4020-A681-F39552D5DD73}.Debug|Any CPU.ActiveCfg = Debug|iPhone
		{8ECAF85B-43DD-4020-A681-F39552D5DD73}.Debug|ARM.ActiveCfg = Debug|iPhone
		{8ECAF85B-43DD-4020-A681-F39552D5DD73}.Debug|iPhone.ActiveCfg = Debug|iPhone
		{8ECAF85B-43DD-4020-A681-F39552D5DD73}.Debug|iPhone.Build.0 = Debug|iPhone
		{8ECAF85B-43DD-4020-A681-F39552D5DD73}.Debug|iPhoneSimulator.ActiveCfg = Debug|iPhoneSimulator
		{8ECAF85B-43DD-4020-A681-F39552D5DD73}.Debug|iPhoneSimulator.Build.0 = Debug|iPhoneSimulator
		{8ECAF85B-43DD-4020-A681-F39552D5DD73}.Debug|x64.ActiveCfg = Debug|iPhone
		{8ECAF85B-43DD-4020-A681-F39552D5DD73}.Debug|x86.ActiveCfg = Debug|iPhone
		{8ECAF85B-43DD-4020-A681-F39552D5DD73}.Release|Any CPU.ActiveCfg = Release|iPhone
		{8ECAF85B-43DD-4020-A681-F39552D5DD73}.Release|ARM.ActiveCfg = Release|iPhone
		{8ECAF85B-43DD-4020-A681-F39552D5DD73}.Release|iPhone.ActiveCfg = Release|iPhone
		{8ECAF85B-43DD-4020-A681-F39552D5DD73}.Release|iPhone.Build.0 = Release|iPhone
		{8ECAF85B-43DD-4020-A681-F39552D5DD73}.Release|iPhoneSimulator.ActiveCfg = Release|iPhoneSimulator
		{8ECAF85B-43DD-4020-A681-F39552D5DD73}.Release|iPhoneSimulator.Build.0 = Release|iPhoneSimulator
		{8ECAF85B-43DD-4020-A681-F39552D5DD73}.Release|x64.ActiveCfg = Release|iPhone
		{8ECAF85B-43DD-4020-A681-F39552D5DD73}.Release|x86.ActiveCfg = Release|iPhone
		{0860F20A-6126-4CD7-9CDA-0300F637DC58}.Ad-Hoc|Any CPU.ActiveCfg = Release|x86
		{0860F20A-6126-4CD7-9CDA-0300F637DC58}.Ad-Hoc|Any CPU.Build.0 = Release|x86
		{0860F20A-6126-4CD7-9CDA-0300F637DC58}.Ad-Hoc|Any CPU.Deploy.0 = Release|x86
		{0860F20A-6126-4CD7-9CDA-0300F637DC58}.Ad-Hoc|ARM.ActiveCfg = Release|ARM
		{0860F20A-6126-4CD7-9CDA-0300F637DC58}.Ad-Hoc|ARM.Build.0 = Release|ARM
		{0860F20A-6126-4CD7-9CDA-0300F637DC58}.Ad-Hoc|ARM.Deploy.0 = Release|ARM
		{0860F20A-6126-4CD7-9CDA-0300F637DC58}.Ad-Hoc|iPhone.ActiveCfg = Release|x86
		{0860F20A-6126-4CD7-9CDA-0300F637DC58}.Ad-Hoc|iPhone.Build.0 = Release|x86
		{0860F20A-6126-4CD7-9CDA-0300F637DC58}.Ad-Hoc|iPhone.Deploy.0 = Release|x86
		{0860F20A-6126-4CD7-9CDA-0300F637DC58}.Ad-Hoc|iPhoneSimulator.ActiveCfg = Release|x86
		{0860F20A-6126-4CD7-9CDA-0300F637DC58}.Ad-Hoc|iPhoneSimulator.Build.0 = Release|x86
		{0860F20A-6126-4CD7-9CDA-0300F637DC58}.Ad-Hoc|iPhoneSimulator.Deploy.0 = Release|x86
		{0860F20A-6126-4CD7-9CDA-0300F637DC58}.Ad-Hoc|x64.ActiveCfg = Release|x64
		{0860F20A-6126-4CD7-9CDA-0300F637DC58}.Ad-Hoc|x64.Build.0 = Release|x64
		{0860F20A-6126-4CD7-9CDA-0300F637DC58}.Ad-Hoc|x64.Deploy.0 = Release|x64
		{0860F20A-6126-4CD7-9CDA-0300F637DC58}.Ad-Hoc|x86.ActiveCfg = Release|x86
		{0860F20A-6126-4CD7-9CDA-0300F637DC58}.Ad-Hoc|x86.Build.0 = Release|x86
		{0860F20A-6126-4CD7-9CDA-0300F637DC58}.Ad-Hoc|x86.Deploy.0 = Release|x86
		{0860F20A-6126-4CD7-9CDA-0300F637DC58}.AppStore|Any CPU.ActiveCfg = Release|x86
		{0860F20A-6126-4CD7-9CDA-0300F637DC58}.AppStore|Any CPU.Build.0 = Release|x86
		{0860F20A-6126-4CD7-9CDA-0300F637DC58}.AppStore|Any CPU.Deploy.0 = Release|x86
		{0860F20A-6126-4CD7-9CDA-0300F637DC58}.AppStore|ARM.ActiveCfg = Release|ARM
		{0860F20A-6126-4CD7-9CDA-0300F637DC58}.AppStore|ARM.Build.0 = Release|ARM
		{0860F20A-6126-4CD7-9CDA-0300F637DC58}.AppStore|ARM.Deploy.0 = Release|ARM
		{0860F20A-6126-4CD7-9CDA-0300F637DC58}.AppStore|iPhone.ActiveCfg = Release|x86
		{0860F20A-6126-4CD7-9CDA-0300F637DC58}.AppStore|iPhone.Build.0 = Release|x86
		{0860F20A-6126-4CD7-9CDA-0300F637DC58}.AppStore|iPhone.Deploy.0 = Release|x86
		{0860F20A-6126-4CD7-9CDA-0300F637DC58}.AppStore|iPhoneSimulator.ActiveCfg = Release|x86
		{0860F20A-6126-4CD7-9CDA-0300F637DC58}.AppStore|iPhoneSimulator.Build.0 = Release|x86
		{0860F20A-6126-4CD7-9CDA-0300F637DC58}.AppStore|iPhoneSimulator.Deploy.0 = Release|x86
		{0860F20A-6126-4CD7-9CDA-0300F637DC58}.AppStore|x64.ActiveCfg = Release|x64
		{0860F20A-6126-4CD7-9CDA-0300F637DC58}.AppStore|x64.Build.0 = Release|x64
		{0860F20A-6126-4CD7-9CDA-0300F637DC58}.AppStore|x64.Deploy.0 = Release|x64
		{0860F20A-6126-4CD7-9CDA-0300F637DC58}.AppStore|x86.ActiveCfg = Release|x86
		{0860F20A-6126-4CD7-9CDA-0300F637DC58}.AppStore|x86.Build.0 = Release|x86
		{0860F20A-6126-4CD7-9CDA-0300F637DC58}.AppStore|x86.Deploy.0 = Release|x86
		{0860F20A-6126-4CD7-9CDA-0300F637DC58}.Debug|Any CPU.ActiveCfg = Debug|x86
		{0860F20A-6126-4CD7-9CDA-0300F637DC58}.Debug|ARM.ActiveCfg = Debug|ARM
		{0860F20A-6126-4CD7-9CDA-0300F637DC58}.Debug|ARM.Build.0 = Debug|ARM
		{0860F20A-6126-4CD7-9CDA-0300F637DC58}.Debug|ARM.Deploy.0 = Debug|ARM
		{0860F20A-6126-4CD7-9CDA-0300F637DC58}.Debug|iPhone.ActiveCfg = Debug|x86
		{0860F20A-6126-4CD7-9CDA-0300F637DC58}.Debug|iPhoneSimulator.ActiveCfg = Debug|x86
		{0860F20A-6126-4CD7-9CDA-0300F637DC58}.Debug|x64.ActiveCfg = Debug|x64
		{0860F20A-6126-4CD7-9CDA-0300F637DC58}.Debug|x64.Build.0 = Debug|x64
		{0860F20A-6126-4CD7-9CDA-0300F637DC58}.Debug|x64.Deploy.0 = Debug|x64
		{0860F20A-6126-4CD7-9CDA-0300F637DC58}.Debug|x86.ActiveCfg = Debug|x86
		{0860F20A-6126-4CD7-9CDA-0300F637DC58}.Debug|x86.Build.0 = Debug|x86
		{0860F20A-6126-4CD7-9CDA-0300F637DC58}.Debug|x86.Deploy.0 = Debug|x86
		{0860F20A-6126-4CD7-9CDA-0300F637DC58}.Release|Any CPU.ActiveCfg = Release|x86
		{0860F20A-6126-4CD7-9CDA-0300F637DC58}.Release|ARM.ActiveCfg = Release|ARM
		{0860F20A-6126-4CD7-9CDA-0300F637DC58}.Release|ARM.Build.0 = Release|ARM
		{0860F20A-6126-4CD7-9CDA-0300F637DC58}.Release|ARM.Deploy.0 = Release|ARM
		{0860F20A-6126-4CD7-9CDA-0300F637DC58}.Release|iPhone.ActiveCfg = Release|x86
		{0860F20A-6126-4CD7-9CDA-0300F637DC58}.Release|iPhoneSimulator.ActiveCfg = Release|x86
		{0860F20A-6126-4CD7-9CDA-0300F637DC58}.Release|x64.ActiveCfg = Release|x64
		{0860F20A-6126-4CD7-9CDA-0300F637DC58}.Release|x64.Build.0 = Release|x64
		{0860F20A-6126-4CD7-9CDA-0300F637DC58}.Release|x64.Deploy.0 = Release|x64
		{0860F20A-6126-4CD7-9CDA-0300F637DC58}.Release|x86.ActiveCfg = Release|x86
		{0860F20A-6126-4CD7-9CDA-0300F637DC58}.Release|x86.Build.0 = Release|x86
		{0860F20A-6126-4CD7-9CDA-0300F637DC58}.Release|x86.Deploy.0 = Release|x86
		{8A35D226-8A7A-4295-8D40-2C39705D6629}.Ad-Hoc|Any CPU.ActiveCfg = Debug|Any CPU
		{8A35D226-8A7A-4295-8D40-2C39705D6629}.Ad-Hoc|Any CPU.Build.0 = Debug|Any CPU
		{8A35D226-8A7A-4295-8D40-2C39705D6629}.Ad-Hoc|ARM.ActiveCfg = Debug|Any CPU
		{8A35D226-8A7A-4295-8D40-2C39705D6629}.Ad-Hoc|ARM.Build.0 = Debug|Any CPU
		{8A35D226-8A7A-4295-8D40-2C39705D6629}.Ad-Hoc|iPhone.ActiveCfg = Debug|Any CPU
		{8A35D226-8A7A-4295-8D40-2C39705D6629}.Ad-Hoc|iPhone.Build.0 = Debug|Any CPU
		{8A35D226-8A7A-4295-8D40-2C39705D6629}.Ad-Hoc|iPhoneSimulator.ActiveCfg = Debug|Any CPU
		{8A35D226-8A7A-4295-8D40-2C39705D6629}.Ad-Hoc|iPhoneSimulator.Build.0 = Debug|Any CPU
		{8A35D226-8A7A-4295-8D40-2C39705D6629}.Ad-Hoc|x64.ActiveCfg = Debug|Any CPU
		{8A35D226-8A7A-4295-8D40-2C39705D6629}.Ad-Hoc|x64.Build.0 = Debug|Any CPU
		{8A35D226-8A7A-4295-8D40-2C39705D6629}.Ad-Hoc|x86.ActiveCfg = Debug|Any CPU
		{8A35D226-8A7A-4295-8D40-2C39705D6629}.Ad-Hoc|x86.Build.0 = Debug|Any CPU
		{8A35D226-8A7A-4295-8D40-2C39705D6629}.AppStore|Any CPU.ActiveCfg = Debug|Any CPU
		{8A35D226-8A7A-4295-8D40-2C39705D6629}.AppStore|Any CPU.Build.0 = Debug|Any CPU
		{8A35D226-8A7A-4295-8D40-2C39705D6629}.AppStore|ARM.ActiveCfg = Debug|Any CPU
		{8A35D226-8A7A-4295-8D40-2C39705D6629}.AppStore|ARM.Build.0 = Debug|Any CPU
		{8A35D226-8A7A-4295-8D40-2C39705D6629}.AppStore|iPhone.ActiveCfg = Debug|Any CPU
		{8A35D226-8A7A-4295-8D40-2C39705D6629}.AppStore|iPhone.Build.0 = Debug|Any CPU
		{8A35D226-8A7A-4295-8D40-2C39705D6629}.AppStore|iPhoneSimulator.ActiveCfg = Debug|Any CPU
		{8A35D226-8A7A-4295-8D40-2C39705D6629}.AppStore|iPhoneSimulator.Build.0 = Debug|Any CPU
		{8A35D226-8A7A-4295-8D40-2C39705D6629}.AppStore|x64.ActiveCfg = Debug|Any CPU
		{8A35D226-8A7A-4295-8D40-2C39705D6629}.AppStore|x64.Build.0 = Debug|Any CPU
		{8A35D226-8A7A-4295-8D40-2C39705D6629}.AppStore|x86.ActiveCfg = Debug|Any CPU
		{8A35D226-8A7A-4295-8D40-2C39705D6629}.AppStore|x86.Build.0 = Debug|Any CPU
		{8A35D226-8A7A-4295-8D40-2C39705D6629}.Debug|Any CPU.ActiveCfg = Debug|Any CPU
		{8A35D226-8A7A-4295-8D40-2C39705D6629}.Debug|Any CPU.Build.0 = Debug|Any CPU
		{8A35D226-8A7A-4295-8D40-2C39705D6629}.Debug|ARM.ActiveCfg = Debug|Any CPU
		{8A35D226-8A7A-4295-8D40-2C39705D6629}.Debug|ARM.Build.0 = Debug|Any CPU
		{8A35D226-8A7A-4295-8D40-2C39705D6629}.Debug|iPhone.ActiveCfg = Debug|Any CPU
		{8A35D226-8A7A-4295-8D40-2C39705D6629}.Debug|iPhone.Build.0 = Debug|Any CPU
		{8A35D226-8A7A-4295-8D40-2C39705D6629}.Debug|iPhoneSimulator.ActiveCfg = Debug|Any CPU
		{8A35D226-8A7A-4295-8D40-2C39705D6629}.Debug|iPhoneSimulator.Build.0 = Debug|Any CPU
		{8A35D226-8A7A-4295-8D40-2C39705D6629}.Debug|x64.ActiveCfg = Debug|Any CPU
		{8A35D226-8A7A-4295-8D40-2C39705D6629}.Debug|x64.Build.0 = Debug|Any CPU
		{8A35D226-8A7A-4295-8D40-2C39705D6629}.Debug|x86.ActiveCfg = Debug|Any CPU
		{8A35D226-8A7A-4295-8D40-2C39705D6629}.Debug|x86.Build.0 = Debug|Any CPU
		{8A35D226-8A7A-4295-8D40-2C39705D6629}.Release|Any CPU.ActiveCfg = Release|Any CPU
		{8A35D226-8A7A-4295-8D40-2C39705D6629}.Release|Any CPU.Build.0 = Release|Any CPU
		{8A35D226-8A7A-4295-8D40-2C39705D6629}.Release|ARM.ActiveCfg = Release|Any CPU
		{8A35D226-8A7A-4295-8D40-2C39705D6629}.Release|ARM.Build.0 = Release|Any CPU
		{8A35D226-8A7A-4295-8D40-2C39705D6629}.Release|iPhone.ActiveCfg = Release|Any CPU
		{8A35D226-8A7A-4295-8D40-2C39705D6629}.Release|iPhone.Build.0 = Release|Any CPU
		{8A35D226-8A7A-4295-8D40-2C39705D6629}.Release|iPhoneSimulator.ActiveCfg = Release|Any CPU
		{8A35D226-8A7A-4295-8D40-2C39705D6629}.Release|iPhoneSimulator.Build.0 = Release|Any CPU
		{8A35D226-8A7A-4295-8D40-2C39705D6629}.Release|x64.ActiveCfg = Release|Any CPU
		{8A35D226-8A7A-4295-8D40-2C39705D6629}.Release|x64.Build.0 = Release|Any CPU
		{8A35D226-8A7A-4295-8D40-2C39705D6629}.Release|x86.ActiveCfg = Release|Any CPU
		{8A35D226-8A7A-4295-8D40-2C39705D6629}.Release|x86.Build.0 = Release|Any CPU
		{A81F2AD4-FB3F-499E-8384-24EF362162BD}.Ad-Hoc|Any CPU.ActiveCfg = Release|Any CPU
		{A81F2AD4-FB3F-499E-8384-24EF362162BD}.Ad-Hoc|Any CPU.Build.0 = Release|Any CPU
		{A81F2AD4-FB3F-499E-8384-24EF362162BD}.Ad-Hoc|ARM.ActiveCfg = Release|Any CPU
		{A81F2AD4-FB3F-499E-8384-24EF362162BD}.Ad-Hoc|ARM.Build.0 = Release|Any CPU
		{A81F2AD4-FB3F-499E-8384-24EF362162BD}.Ad-Hoc|iPhone.ActiveCfg = Release|Any CPU
		{A81F2AD4-FB3F-499E-8384-24EF362162BD}.Ad-Hoc|iPhone.Build.0 = Release|Any CPU
		{A81F2AD4-FB3F-499E-8384-24EF362162BD}.Ad-Hoc|iPhoneSimulator.ActiveCfg = Release|Any CPU
		{A81F2AD4-FB3F-499E-8384-24EF362162BD}.Ad-Hoc|iPhoneSimulator.Build.0 = Release|Any CPU
		{A81F2AD4-FB3F-499E-8384-24EF362162BD}.Ad-Hoc|x64.ActiveCfg = Release|Any CPU
		{A81F2AD4-FB3F-499E-8384-24EF362162BD}.Ad-Hoc|x64.Build.0 = Release|Any CPU
		{A81F2AD4-FB3F-499E-8384-24EF362162BD}.Ad-Hoc|x86.ActiveCfg = Release|Any CPU
		{A81F2AD4-FB3F-499E-8384-24EF362162BD}.Ad-Hoc|x86.Build.0 = Release|Any CPU
		{A81F2AD4-FB3F-499E-8384-24EF362162BD}.AppStore|Any CPU.ActiveCfg = Release|Any CPU
		{A81F2AD4-FB3F-499E-8384-24EF362162BD}.AppStore|Any CPU.Build.0 = Release|Any CPU
		{A81F2AD4-FB3F-499E-8384-24EF362162BD}.AppStore|ARM.ActiveCfg = Release|Any CPU
		{A81F2AD4-FB3F-499E-8384-24EF362162BD}.AppStore|ARM.Build.0 = Release|Any CPU
		{A81F2AD4-FB3F-499E-8384-24EF362162BD}.AppStore|iPhone.ActiveCfg = Release|Any CPU
		{A81F2AD4-FB3F-499E-8384-24EF362162BD}.AppStore|iPhone.Build.0 = Release|Any CPU
		{A81F2AD4-FB3F-499E-8384-24EF362162BD}.AppStore|iPhoneSimulator.ActiveCfg = Release|Any CPU
		{A81F2AD4-FB3F-499E-8384-24EF362162BD}.AppStore|iPhoneSimulator.Build.0 = Release|Any CPU
		{A81F2AD4-FB3F-499E-8384-24EF362162BD}.AppStore|x64.ActiveCfg = Release|Any CPU
		{A81F2AD4-FB3F-499E-8384-24EF362162BD}.AppStore|x64.Build.0 = Release|Any CPU
		{A81F2AD4-FB3F-499E-8384-24EF362162BD}.AppStore|x86.ActiveCfg = Release|Any CPU
		{A81F2AD4-FB3F-499E-8384-24EF362162BD}.AppStore|x86.Build.0 = Release|Any CPU
		{A81F2AD4-FB3F-499E-8384-24EF362162BD}.Debug|Any CPU.ActiveCfg = Debug|Any CPU
		{A81F2AD4-FB3F-499E-8384-24EF362162BD}.Debug|Any CPU.Build.0 = Debug|Any CPU
		{A81F2AD4-FB3F-499E-8384-24EF362162BD}.Debug|ARM.ActiveCfg = Debug|Any CPU
		{A81F2AD4-FB3F-499E-8384-24EF362162BD}.Debug|ARM.Build.0 = Debug|Any CPU
		{A81F2AD4-FB3F-499E-8384-24EF362162BD}.Debug|iPhone.ActiveCfg = Debug|Any CPU
		{A81F2AD4-FB3F-499E-8384-24EF362162BD}.Debug|iPhone.Build.0 = Debug|Any CPU
		{A81F2AD4-FB3F-499E-8384-24EF362162BD}.Debug|iPhoneSimulator.ActiveCfg = Debug|Any CPU
		{A81F2AD4-FB3F-499E-8384-24EF362162BD}.Debug|iPhoneSimulator.Build.0 = Debug|Any CPU
		{A81F2AD4-FB3F-499E-8384-24EF362162BD}.Debug|x64.ActiveCfg = Debug|Any CPU
		{A81F2AD4-FB3F-499E-8384-24EF362162BD}.Debug|x64.Build.0 = Debug|Any CPU
		{A81F2AD4-FB3F-499E-8384-24EF362162BD}.Debug|x86.ActiveCfg = Debug|Any CPU
		{A81F2AD4-FB3F-499E-8384-24EF362162BD}.Debug|x86.Build.0 = Debug|Any CPU
		{A81F2AD4-FB3F-499E-8384-24EF362162BD}.Release|Any CPU.ActiveCfg = Release|Any CPU
		{A81F2AD4-FB3F-499E-8384-24EF362162BD}.Release|Any CPU.Build.0 = Release|Any CPU
		{A81F2AD4-FB3F-499E-8384-24EF362162BD}.Release|ARM.ActiveCfg = Release|Any CPU
		{A81F2AD4-FB3F-499E-8384-24EF362162BD}.Release|ARM.Build.0 = Release|Any CPU
		{A81F2AD4-FB3F-499E-8384-24EF362162BD}.Release|iPhone.ActiveCfg = Release|Any CPU
		{A81F2AD4-FB3F-499E-8384-24EF362162BD}.Release|iPhone.Build.0 = Release|Any CPU
		{A81F2AD4-FB3F-499E-8384-24EF362162BD}.Release|iPhoneSimulator.ActiveCfg = Release|Any CPU
		{A81F2AD4-FB3F-499E-8384-24EF362162BD}.Release|iPhoneSimulator.Build.0 = Release|Any CPU
		{A81F2AD4-FB3F-499E-8384-24EF362162BD}.Release|x64.ActiveCfg = Release|Any CPU
		{A81F2AD4-FB3F-499E-8384-24EF362162BD}.Release|x64.Build.0 = Release|Any CPU
		{A81F2AD4-FB3F-499E-8384-24EF362162BD}.Release|x86.ActiveCfg = Release|Any CPU
		{A81F2AD4-FB3F-499E-8384-24EF362162BD}.Release|x86.Build.0 = Release|Any CPU
	EndGlobalSection
	GlobalSection(SolutionProperties) = preSolution
		HideSolutionNode = FALSE
	EndGlobalSection
	GlobalSection(NestedProjects) = preSolution
		{BB7E62AC-7100-4F87-B8F9-252A204E8612} = {3898295F-F0E1-4AF2-8AE3-A884922F2F23}
		{8ECAF85B-43DD-4020-A681-F39552D5DD73} = {3898295F-F0E1-4AF2-8AE3-A884922F2F23}
		{0860F20A-6126-4CD7-9CDA-0300F637DC58} = {3898295F-F0E1-4AF2-8AE3-A884922F2F23}
		{8A35D226-8A7A-4295-8D40-2C39705D6629} = {3898295F-F0E1-4AF2-8AE3-A884922F2F23}
		{A81F2AD4-FB3F-499E-8384-24EF362162BD} = {471D1D2D-5BD8-401B-A59C-8A6A2E5BED9A}
	EndGlobalSection
	GlobalSection(ExtensibilityGlobals) = postSolution
		SolutionGuid = {C3554CC8-EF34-4493-B008-5923457F0C10}
	EndGlobalSection
EndGlobal
